
Microsoft Visual Studio Solution File, Format Version 12.00
# Visual Studio Version 17
VisualStudioVersion = 17.14.37111.16
MinimumVisualStudioVersion = 10.0.40219.1
Project("{FAE04EC0-301F-11D3-BF4B-00C04F79EFBC}") = "TRPG.Runtime", "Sources\TRPG.Runtime\TRPG.Runtime.csproj", "{19FE788E-C113-4D52-B6E6-CAA222028D9D}"
	ProjectSection(ProjectDependencies) = postProject
		{1C817B9C-8C06-4D3F-B136-C0ABE3ACC4C2} = {1C817B9C-8C06-4D3F-B136-C0ABE3ACC4C2}
		{3CFF2DFE-7F1A-45F6-A1F1-A66175908B2F} = {3CFF2DFE-7F1A-45F6-A1F1-A66175908B2F}
		{44E69589-FDEB-48A8-9BA2-B8AA8ABA4F91} = {44E69589-FDEB-48A8-9BA2-B8AA8ABA4F91}
		{6E3128AE-FAA0-44C0-B772-EBA9FFE1D6BD} = {6E3128AE-FAA0-44C0-B772-EBA9FFE1D6BD}
		{A1C824E6-EC36-4B9E-A5DF-2045BBA49EAC} = {A1C824E6-EC36-4B9E-A5DF-2045BBA49EAC}
	EndProjectSection
EndProject
Project("{FAE04EC0-301F-11D3-BF4B-00C04F79EFBC}") = "TRPG.Development", "Sources\TRPG.Development\TRPG.Development.csproj", "{1D1218D3-D781-4DE7-8C5D-A6C81B5CB357}"
	ProjectSection(ProjectDependencies) = postProject
		{1C817B9C-8C06-4D3F-B136-C0ABE3ACC4C2} = {1C817B9C-8C06-4D3F-B136-C0ABE3ACC4C2}
		{3CFF2DFE-7F1A-45F6-A1F1-A66175908B2F} = {3CFF2DFE-7F1A-45F6-A1F1-A66175908B2F}
		{44E69589-FDEB-48A8-9BA2-B8AA8ABA4F91} = {44E69589-FDEB-48A8-9BA2-B8AA8ABA4F91}
		{6E3128AE-FAA0-44C0-B772-EBA9FFE1D6BD} = {6E3128AE-FAA0-44C0-B772-EBA9FFE1D6BD}
		{A1C824E6-EC36-4B9E-A5DF-2045BBA49EAC} = {A1C824E6-EC36-4B9E-A5DF-2045BBA49EAC}
	EndProjectSection
EndProject
Project("{FAE04EC0-301F-11D3-BF4B-00C04F79EFBC}") = "TRPG.Common", "Sources\TRPG.Common\TRPG.Common.csproj", "{44E69589-FDEB-48A8-9BA2-B8AA8ABA4F91}"
EndProject
Project("{FAE04EC0-301F-11D3-BF4B-00C04F79EFBC}") = "TRPG.Networking", "Sources\TRPG.Networking\TRPG.Networking.csproj", "{6E3128AE-FAA0-44C0-B772-EBA9FFE1D6BD}"
	ProjectSection(ProjectDependencies) = postProject
		{44E69589-FDEB-48A8-9BA2-B8AA8ABA4F91} = {44E69589-FDEB-48A8-9BA2-B8AA8ABA4F91}
		{A1C824E6-EC36-4B9E-A5DF-2045BBA49EAC} = {A1C824E6-EC36-4B9E-A5DF-2045BBA49EAC}
	EndProjectSection
EndProject
Project("{FAE04EC0-301F-11D3-BF4B-00C04F79EFBC}") = "TRPG.Protocol", "Sources\TRPG.Protocol\TRPG.Protocol.csproj", "{A1C824E6-EC36-4B9E-A5DF-2045BBA49EAC}"
	ProjectSection(ProjectDependencies) = postProject
		{44E69589-FDEB-48A8-9BA2-B8AA8ABA4F91} = {44E69589-FDEB-48A8-9BA2-B8AA8ABA4F91}
	EndProjectSection
EndProject
Project("{FAE04EC0-301F-11D3-BF4B-00C04F79EFBC}") = "TRPG.Core", "Sources\TRPG.Core\TRPG.Core.csproj", "{3CFF2DFE-7F1A-45F6-A1F1-A66175908B2F}"
	ProjectSection(ProjectDependencies) = postProject
		{44E69589-FDEB-48A8-9BA2-B8AA8ABA4F91} = {44E69589-FDEB-48A8-9BA2-B8AA8ABA4F91}
		{A1C824E6-EC36-4B9E-A5DF-2045BBA49EAC} = {A1C824E6-EC36-4B9E-A5DF-2045BBA49EAC}
	EndProjectSection
EndProject
Project("{FAE04EC0-301F-11D3-BF4B-00C04F79EFBC}") = "TRPG.Core.Generators", "Sources\TRPG.Core.Generators\TRPG.Core.Generators.csproj", "{1C817B9C-8C06-4D3F-B136-C0ABE3ACC4C2}"
	ProjectSection(ProjectDependencies) = postProject
		{3CFF2DFE-7F1A-45F6-A1F1-A66175908B2F} = {3CFF2DFE-7F1A-45F6-A1F1-A66175908B2F}
		{44E69589-FDEB-48A8-9BA2-B8AA8ABA4F91} = {44E69589-FDEB-48A8-9BA2-B8AA8ABA4F91}
		{A1C824E6-EC36-4B9E-A5DF-2045BBA49EAC} = {A1C824E6-EC36-4B9E-A5DF-2045BBA49EAC}
	EndProjectSection
EndProject
Global
	GlobalSection(SolutionConfigurationPlatforms) = preSolution
		Debug|Any CPU = Debug|Any CPU
		Release|Any CPU = Release|Any CPU
	EndGlobalSection
	GlobalSection(ProjectConfigurationPlatforms) = postSolution
		{19FE788E-C113-4D52-B6E6-CAA222028D9D}.Debug|Any CPU.ActiveCfg = Debug|Any CPU
		{19FE788E-C113-4D52-B6E6-CAA222028D9D}.Debug|Any CPU.Build.0 = Debug|Any CPU
		{19FE788E-C113-4D52-B6E6-CAA222028D9D}.Release|Any CPU.ActiveCfg = Release|Any CPU
		{19FE788E-C113-4D52-B6E6-CAA222028D9D}.Release|Any CPU.Build.0 = Release|Any CPU
		{1D1218D3-D781-4DE7-8C5D-A6C81B5CB357}.Debug|Any CPU.ActiveCfg = Debug|Any CPU
		{1D1218D3-D781-4DE7-8C5D-A6C81B5CB357}.Debug|Any CPU.Build.0 = Debug|Any CPU
		{1D1218D3-D781-4DE7-8C5D-A6C81B5CB357}.Release|Any CPU.ActiveCfg = Release|Any CPU
		{1D1218D3-D781-4DE7-8C5D-A6C81B5CB357}.Release|Any CPU.Build.0 = Release|Any CPU
		{44E69589-FDEB-48A8-9BA2-B8AA8ABA4F91}.Debug|Any CPU.ActiveCfg = Debug|Any CPU
		{44E69589-FDEB-48A8-9BA2-B8AA8ABA4F91}.Debug|Any CPU.Build.0 = Debug|Any CPU
		{44E69589-FDEB-48A8-9BA2-B8AA8ABA4F91}.Release|Any CPU.ActiveCfg = Release|Any CPU
		{44E69589-FDEB-48A8-9BA2-B8AA8ABA4F91}.Release|Any CPU.Build.0 = Release|Any CPU
		{6E3128AE-FAA0-44C0-B772-EBA9FFE1D6BD}.Debug|Any CPU.ActiveCfg = Debug|Any CPU
		{6E3128AE-FAA0-44C0-B772-EBA9FFE1D6BD}.Debug|Any CPU.Build.0 = Debug|Any CPU
		{6E3128AE-FAA0-44C0-B772-EBA9FFE1D6BD}.Release|Any CPU.ActiveCfg = Release|Any CPU
		{6E3128AE-FAA0-44C0-B772-EBA9FFE1D6BD}.Release|Any CPU.Build.0 = Release|Any CPU
		{A1C824E6-EC36-4B9E-A5DF-2045BBA49EAC}.Debug|Any CPU.ActiveCfg = Debug|Any CPU
		{A1C824E6-EC36-4B9E-A5DF-2045BBA49EAC}.Debug|Any CPU.Build.0 = Debug|Any CPU
		{A1C824E6-EC36-4B9E-A5DF-2045BBA49EAC}.Release|Any CPU.ActiveCfg = Release|Any CPU
		{A1C824E6-EC36-4B9E-A5DF-2045BBA49EAC}.Release|Any CPU.Build.0 = Release|Any CPU
		{3CFF2DFE-7F1A-45F6-A1F1-A66175908B2F}.Debug|Any CPU.ActiveCfg = Debug|Any CPU
		{3CFF2DFE-7F1A-45F6-A1F1-A66175908B2F}.Debug|Any CPU.Build.0 = Debug|Any CPU
		{3CFF2DFE-7F1A-45F6-A1F1-A66175908B2F}.Release|Any CPU.ActiveCfg = Release|Any CPU
		{3CFF2DFE-7F1A-45F6-A1F1-A66175908B2F}.Release|Any CPU.Build.0 = Release|Any CPU
		{1C817B9C-8C06-4D3F-B136-C0ABE3ACC4C2}.Debug|Any CPU.ActiveCfg = Debug|Any CPU
		{1C817B9C-8C06-4D3F-B136-C0ABE3ACC4C2}.Debug|Any CPU.Build.0 = Debug|Any CPU
		{1C817B9C-8C06-4D3F-B136-C0ABE3ACC4C2}.Release|Any CPU.ActiveCfg = Release|Any CPU
		{1C817B9C-8C06-4D3F-B136-C0ABE3ACC4C2}.Release|Any CPU.Build.0 = Release|Any CPU
	EndGlobalSection
	GlobalSection(SolutionProperties) = preSolution
		HideSolutionNode = FALSE
	EndGlobalSection
	GlobalSection(ExtensibilityGlobals) = postSolution
		SolutionGuid = {7AEC5ABB-FF33-4147-BD22-8D5A0C2B4E44}
	EndGlobalSection
EndGlobal
